
Microsoft Visual Studio Solution File, Format Version 10.00
# Visual Studio 2008
Project("{FAE04EC0-301F-11D3-BF4B-00C04F79EFBC}") = "WebUserControlsCommunicated", "WebUserControlsCommunicated\WebUserControlsCommunicated.csproj", "{B2CDB467-AD22-48FA-95EE-75BB8ED2F724}"
EndProject
Global
	GlobalSection(SolutionConfigurationPlatforms) = preSolution
		Debug|Any CPU = Debug|Any CPU
		Release|Any CPU = Release|Any CPU
	EndGlobalSection
	GlobalSection(ProjectConfigurationPlatforms) = postSolution
		{B2CDB467-AD22-48FA-95EE-75BB8ED2F724}.Debug|Any CPU.ActiveCfg = Debug|Any CPU
		{B2CDB467-AD22-48FA-95EE-75BB8ED2F724}.Debug|Any CPU.Build.0 = Debug|Any CPU
		{B2CDB467-AD22-48FA-95EE-75BB8ED2F724}.Release|Any CPU.ActiveCfg = Release|Any CPU
		{B2CDB467-AD22-48FA-95EE-75BB8ED2F724}.Release|Any CPU.Build.0 = Release|Any CPU
	EndGlobalSection
	GlobalSection(SolutionProperties) = preSolution
		HideSolutionNode = FALSE
	EndGlobalSection
EndGlobal
